
Microsoft Visual Studio Solution File, Format Version 12.00
Project("{FAE04EC0-301F-11D3-BF4B-00C04F79EFBC}") = "Nugget2022", "Nugget2022\Nugget2022.csproj", "{70AA7780-4DB1-467D-8C8B-248CBB9E6065}"
EndProject
Global
	GlobalSection(SolutionConfigurationPlatforms) = preSolution
		Debug|Any CPU = Debug|Any CPU
		Release|Any CPU = Release|Any CPU
	EndGlobalSection
	GlobalSection(ProjectConfigurationPlatforms) = postSolution
		{70AA7780-4DB1-467D-8C8B-248CBB9E6065}.Debug|Any CPU.ActiveCfg = Debug|Any CPU
		{70AA7780-4DB1-467D-8C8B-248CBB9E6065}.Debug|Any CPU.Build.0 = Debug|Any CPU
		{70AA7780-4DB1-467D-8C8B-248CBB9E6065}.Release|Any CPU.ActiveCfg = Release|Any CPU
		{70AA7780-4DB1-467D-8C8B-248CBB9E6065}.Release|Any CPU.Build.0 = Release|Any CPU
	EndGlobalSection
EndGlobal
